
Microsoft Visual Studio Solution File, Format Version 12.00
# Visual Studio Version 17
VisualStudioVersion = 17.8.34525.116
MinimumVisualStudioVersion = 10.0.40219.1
Project("{FAE04EC0-301F-11D3-BF4B-00C04F79EFBC}") = "LinqProject", "LinqProject\LinqProject.csproj", "{6C1FDF9C-730B-48E4-8D41-7B62DF5C43F3}"
EndProject
Global
	GlobalSection(SolutionConfigurationPlatforms) = preSolution
		Debug|Any CPU = Debug|Any CPU
		Release|Any CPU = Release|Any CPU
	EndGlobalSection
	GlobalSection(ProjectConfigurationPlatforms) = postSolution
		{6C1FDF9C-730B-48E4-8D41-7B62DF5C43F3}.Debug|Any CPU.ActiveCfg = Debug|Any CPU
		{6C1FDF9C-730B-48E4-8D41-7B62DF5C43F3}.Debug|Any CPU.Build.0 = Debug|Any CPU
		{6C1FDF9C-730B-48E4-8D41-7B62DF5C43F3}.Release|Any CPU.ActiveCfg = Release|Any CPU
		{6C1FDF9C-730B-48E4-8D41-7B62DF5C43F3}.Release|Any CPU.Build.0 = Release|Any CPU
	EndGlobalSection
	GlobalSection(SolutionProperties) = preSolution
		HideSolutionNode = FALSE
	EndGlobalSection
	GlobalSection(ExtensibilityGlobals) = postSolution
		SolutionGuid = {DDFD129D-4E20-4820-9BE7-55FB6189A910}
	EndGlobalSection
EndGlobal
